// !$*UTF8*$!
{
	archiveVersion = 1;
	classes = {
	};
	objectVersion = 50;
	objects = {

/* Begin PBXBuildFile section */
		FA3E60FD20EC662500E76227 /* RootViewController.swift in Sources */ = {isa = PBXBuildFile; fileRef = FA3E60F220EC662500E76227 /* RootViewController.swift */; };
		FA3E60FE20EC662500E76227 /* Assets.xcassets in Resources */ = {isa = PBXBuildFile; fileRef = FA3E60F420EC662500E76227 /* Assets.xcassets */; };
		FA3E60FF20EC662500E76227 /* AppDelegate.swift in Sources */ = {isa = PBXBuildFile; fileRef = FA3E60F620EC662500E76227 /* AppDelegate.swift */; };
		FA3E610020EC662500E76227 /* LaunchScreen.storyboard in Resources */ = {isa = PBXBuildFile; fileRef = FA3E60F820EC662500E76227 /* LaunchScreen.storyboard */; };
		FA3E610120EC662500E76227 /* Main.storyboard in Resources */ = {isa = PBXBuildFile; fileRef = FA3E60FA20EC662500E76227 /* Main.storyboard */; };
		FA3E610320EC67BD00E76227 /* Default-568h@2x.png in Resources */ = {isa = PBXBuildFile; fileRef = FA3E610220EC67BD00E76227 /* Default-568h@2x.png */; };
		FA6C7A8820F461FA00460D14 /* WeekWeatherViewController.swift in Sources */ = {isa = PBXBuildFile; fileRef = FA6C7A8720F461FA00460D14 /* WeekWeatherViewController.swift */; };
		FA6C7A8A20F4628500460D14 /* WeekWeatherTableViewCell.swift in Sources */ = {isa = PBXBuildFile; fileRef = FA6C7A8920F4628500460D14 /* WeekWeatherTableViewCell.swift */; };
		FA6C7A8E20F4874200460D14 /* WeekWeatherViewModel.swift in Sources */ = {isa = PBXBuildFile; fileRef = FA6C7A8D20F4874200460D14 /* WeekWeatherViewModel.swift */; };
		FA6C7A9020F4A83400460D14 /* ForecastData.swift in Sources */ = {isa = PBXBuildFile; fileRef = FA6C7A8F20F4A83400460D14 /* ForecastData.swift */; };
		FA6C7A9220F4C10400460D14 /* Extension+UserDefaults.swift in Sources */ = {isa = PBXBuildFile; fileRef = FA6C7A9120F4C10400460D14 /* Extension+UserDefaults.swift */; };
		FA6C7A9520F4C37E00460D14 /* SettingsViewController.swift in Sources */ = {isa = PBXBuildFile; fileRef = FA6C7A9420F4C37E00460D14 /* SettingsViewController.swift */; };
		FA6C7A9820F4C3BE00460D14 /* SettingsTableViewCell.swift in Sources */ = {isa = PBXBuildFile; fileRef = FA6C7A9720F4C3BE00460D14 /* SettingsTableViewCell.swift */; };
		FA6C7A9B20F4CAE600460D14 /* SettingsDateViewModel.swift in Sources */ = {isa = PBXBuildFile; fileRef = FA6C7A9A20F4CAE600460D14 /* SettingsDateViewModel.swift */; };
		FA6C7A9D20F4CB1900460D14 /* SettingsTemperatureViewModel.swift in Sources */ = {isa = PBXBuildFile; fileRef = FA6C7A9C20F4CB1900460D14 /* SettingsTemperatureViewModel.swift */; };
		FA6C7AA020F4CCAB00460D14 /* SettingContent.swift in Sources */ = {isa = PBXBuildFile; fileRef = FA6C7A9F20F4CCAB00460D14 /* SettingContent.swift */; };
		FA6C7AA320F59B7200460D14 /* WeekWeatherDayViewModel.swift in Sources */ = {isa = PBXBuildFile; fileRef = FA6C7AA220F59B7200460D14 /* WeekWeatherDayViewModel.swift */; };
		FA6C7AA520F59C4900460D14 /* WeekWeatherDayRepresentable.swift in Sources */ = {isa = PBXBuildFile; fileRef = FA6C7AA420F59C4900460D14 /* WeekWeatherDayRepresentable.swift */; };
		FA6C7AA820F5B24400460D14 /* LocationsViewController.swift in Sources */ = {isa = PBXBuildFile; fileRef = FA6C7AA720F5B24400460D14 /* LocationsViewController.swift */; };
		FA6C7AAD20F5B39B00460D14 /* LocationTableViewCell.swift in Sources */ = {isa = PBXBuildFile; fileRef = FA6C7AAC20F5B39B00460D14 /* LocationTableViewCell.swift */; };
		FA6C7AAF20F5B40900460D14 /* LocationRepresentable.swift in Sources */ = {isa = PBXBuildFile; fileRef = FA6C7AAE20F5B40900460D14 /* LocationRepresentable.swift */; };
		FA6C7AB120F5B46A00460D14 /* LocationsViewModel.swift in Sources */ = {isa = PBXBuildFile; fileRef = FA6C7AB020F5B46A00460D14 /* LocationsViewModel.swift */; };
		FA6C7AB320F5B4B300460D14 /* Extension+CLLocation.swift in Sources */ = {isa = PBXBuildFile; fileRef = FA6C7AB220F5B4B300460D14 /* Extension+CLLocation.swift */; };
		FA6C7AB520F5BC4C00460D14 /* AddLocationViewController.swift in Sources */ = {isa = PBXBuildFile; fileRef = FA6C7AB420F5BC4C00460D14 /* AddLocationViewController.swift */; };
		FAACCCEC20EDA547001026CB /* Configurations.swift in Sources */ = {isa = PBXBuildFile; fileRef = FAACCCEB20EDA547001026CB /* Configurations.swift */; };
		FAACCCEF20EDA6E2001026CB /* Location.swift in Sources */ = {isa = PBXBuildFile; fileRef = FAACCCEE20EDA6E2001026CB /* Location.swift */; };
		FAACCCF120EDB13B001026CB /* WeatherData.swift in Sources */ = {isa = PBXBuildFile; fileRef = FAACCCF020EDB13B001026CB /* WeatherData.swift */; };
		FAACCCF420EDB4E9001026CB /* WeatherDataManager.swift in Sources */ = {isa = PBXBuildFile; fileRef = FAACCCF320EDB4E9001026CB /* WeatherDataManager.swift */; };
		FAACCCF620EDBC0B001026CB /* WeatherDataManagerTest.swift in Sources */ = {isa = PBXBuildFile; fileRef = FAACCCF520EDBC0B001026CB /* WeatherDataManagerTest.swift */; };
		FACC1E6220EF092A00D65EFC /* URLSesstionProtocol.swift in Sources */ = {isa = PBXBuildFile; fileRef = FACC1E6120EF092A00D65EFC /* URLSesstionProtocol.swift */; };
		FACC1E6420EF110800D65EFC /* URLSessionDataTaskProtocol.swift in Sources */ = {isa = PBXBuildFile; fileRef = FACC1E6320EF110800D65EFC /* URLSessionDataTaskProtocol.swift */; };
		FACC1E6720EF118D00D65EFC /* Extension+URLSession.swift in Sources */ = {isa = PBXBuildFile; fileRef = FACC1E6620EF118D00D65EFC /* Extension+URLSession.swift */; };
		FACC1E6920EF11DB00D65EFC /* Extension+URLSessionDataTask.swift in Sources */ = {isa = PBXBuildFile; fileRef = FACC1E6820EF11DB00D65EFC /* Extension+URLSessionDataTask.swift */; };
		FACC1E6B20EF15A000D65EFC /* MockURLSession.swift in Sources */ = {isa = PBXBuildFile; fileRef = FACC1E6A20EF15A000D65EFC /* MockURLSession.swift */; };
		FACC1E6D20EF15AD00D65EFC /* MockURLSessionDataTask.swift in Sources */ = {isa = PBXBuildFile; fileRef = FACC1E6C20EF15AD00D65EFC /* MockURLSessionDataTask.swift */; };
		FACC1E7020EF2D3800D65EFC /* WeartherViewController.swift in Sources */ = {isa = PBXBuildFile; fileRef = FACC1E6F20EF2D3800D65EFC /* WeartherViewController.swift */; };
		FACC1E7220EF2DED00D65EFC /* CurrentWeatherViewController.swift in Sources */ = {isa = PBXBuildFile; fileRef = FACC1E7120EF2DED00D65EFC /* CurrentWeatherViewController.swift */; };
		FACC1E7420EF306F00D65EFC /* Extension+Double.swift in Sources */ = {isa = PBXBuildFile; fileRef = FACC1E7320EF306F00D65EFC /* Extension+Double.swift */; };
		FACC1E7720EF45B500D65EFC /* CurrentWeatherViewModel.swift in Sources */ = {isa = PBXBuildFile; fileRef = FACC1E7620EF45B500D65EFC /* CurrentWeatherViewModel.swift */; };
		FACC1E7920EF460E00D65EFC /* Extension+UIImage.swift in Sources */ = {isa = PBXBuildFile; fileRef = FACC1E7820EF460E00D65EFC /* Extension+UIImage.swift */; };
		FACC1E7B20EF573C00D65EFC /* CurrentWeatherUITests.swift in Sources */ = {isa = PBXBuildFile; fileRef = FACC1E7A20EF573C00D65EFC /* CurrentWeatherUITests.swift */; };
		FADB680620F742E9009C927E /* Extension+UIButton.swift in Sources */ = {isa = PBXBuildFile; fileRef = FADB680520F742E9009C927E /* Extension+UIButton.swift */; };
		FAED4A2E20FDBEE8005C0CC7 /* AddLocationViewModel.swift in Sources */ = {isa = PBXBuildFile; fileRef = FAED4A2D20FDBEE8005C0CC7 /* AddLocationViewModel.swift */; };
/* End PBXBuildFile section */

/* Begin PBXContainerItemProxy section */
		FA3E60D320EC656100E76227 /* PBXContainerItemProxy */ = {
			isa = PBXContainerItemProxy;
			containerPortal = FA3E60B620EC655F00E76227 /* Project object */;
			proxyType = 1;
			remoteGlobalIDString = FA3E60BD20EC655F00E76227;
			remoteInfo = MagiSky;
		};
		FA3E60DE20EC656100E76227 /* PBXContainerItemProxy */ = {
			isa = PBXContainerItemProxy;
			containerPortal = FA3E60B620EC655F00E76227 /* Project object */;
			proxyType = 1;
			remoteGlobalIDString = FA3E60BD20EC655F00E76227;
			remoteInfo = MagiSky;
		};
/* End PBXContainerItemProxy section */

/* Begin PBXFileReference section */
		FA3E60BE20EC655F00E76227 /* MagiSky.app */ = {isa = PBXFileReference; explicitFileType = wrapper.application; includeInIndex = 0; path = MagiSky.app; sourceTree = BUILT_PRODUCTS_DIR; };
		FA3E60D220EC656100E76227 /* MagiSkyTests.xctest */ = {isa = PBXFileReference; explicitFileType = wrapper.cfbundle; includeInIndex = 0; path = MagiSkyTests.xctest; sourceTree = BUILT_PRODUCTS_DIR; };
		FA3E60D820EC656100E76227 /* Info.plist */ = {isa = PBXFileReference; lastKnownFileType = text.plist.xml; path = Info.plist; sourceTree = "<group>"; };
		FA3E60DD20EC656100E76227 /* MagiSkyUITests.xctest */ = {isa = PBXFileReference; explicitFileType = wrapper.cfbundle; includeInIndex = 0; path = MagiSkyUITests.xctest; sourceTree = BUILT_PRODUCTS_DIR; };
		FA3E60E320EC656100E76227 /* Info.plist */ = {isa = PBXFileReference; lastKnownFileType = text.plist.xml; path = Info.plist; sourceTree = "<group>"; };
		FA3E60F020EC662500E76227 /* Info.plist */ = {isa = PBXFileReference; fileEncoding = 4; lastKnownFileType = text.plist.xml; path = Info.plist; sourceTree = "<group>"; };
		FA3E60F220EC662500E76227 /* RootViewController.swift */ = {isa = PBXFileReference; fileEncoding = 4; lastKnownFileType = sourcecode.swift; path = RootViewController.swift; sourceTree = "<group>"; };
		FA3E60F420EC662500E76227 /* Assets.xcassets */ = {isa = PBXFileReference; lastKnownFileType = folder.assetcatalog; path = Assets.xcassets; sourceTree = "<group>"; };
		FA3E60F620EC662500E76227 /* AppDelegate.swift */ = {isa = PBXFileReference; fileEncoding = 4; lastKnownFileType = sourcecode.swift; path = AppDelegate.swift; sourceTree = "<group>"; };
		FA3E60F920EC662500E76227 /* Base */ = {isa = PBXFileReference; lastKnownFileType = file.storyboard; name = Base; path = Base.lproj/LaunchScreen.storyboard; sourceTree = "<group>"; };
		FA3E60FB20EC662500E76227 /* Base */ = {isa = PBXFileReference; lastKnownFileType = file.storyboard; name = Base; path = Base.lproj/Main.storyboard; sourceTree = "<group>"; };
		FA3E610220EC67BD00E76227 /* Default-568h@2x.png */ = {isa = PBXFileReference; lastKnownFileType = image.png; path = "Default-568h@2x.png"; sourceTree = "<group>"; };
		FA6C7A8720F461FA00460D14 /* WeekWeatherViewController.swift */ = {isa = PBXFileReference; lastKnownFileType = sourcecode.swift; path = WeekWeatherViewController.swift; sourceTree = "<group>"; };
		FA6C7A8920F4628500460D14 /* WeekWeatherTableViewCell.swift */ = {isa = PBXFileReference; lastKnownFileType = sourcecode.swift; path = WeekWeatherTableViewCell.swift; sourceTree = "<group>"; };
		FA6C7A8D20F4874200460D14 /* WeekWeatherViewModel.swift */ = {isa = PBXFileReference; lastKnownFileType = sourcecode.swift; path = WeekWeatherViewModel.swift; sourceTree = "<group>"; };
		FA6C7A8F20F4A83400460D14 /* ForecastData.swift */ = {isa = PBXFileReference; lastKnownFileType = sourcecode.swift; path = ForecastData.swift; sourceTree = "<group>"; };
		FA6C7A9120F4C10400460D14 /* Extension+UserDefaults.swift */ = {isa = PBXFileReference; lastKnownFileType = sourcecode.swift; path = "Extension+UserDefaults.swift"; sourceTree = "<group>"; };
		FA6C7A9420F4C37E00460D14 /* SettingsViewController.swift */ = {isa = PBXFileReference; lastKnownFileType = sourcecode.swift; path = SettingsViewController.swift; sourceTree = "<group>"; };
		FA6C7A9720F4C3BE00460D14 /* SettingsTableViewCell.swift */ = {isa = PBXFileReference; lastKnownFileType = sourcecode.swift; path = SettingsTableViewCell.swift; sourceTree = "<group>"; };
		FA6C7A9A20F4CAE600460D14 /* SettingsDateViewModel.swift */ = {isa = PBXFileReference; lastKnownFileType = sourcecode.swift; path = SettingsDateViewModel.swift; sourceTree = "<group>"; };
		FA6C7A9C20F4CB1900460D14 /* SettingsTemperatureViewModel.swift */ = {isa = PBXFileReference; lastKnownFileType = sourcecode.swift; path = SettingsTemperatureViewModel.swift; sourceTree = "<group>"; };
		FA6C7A9F20F4CCAB00460D14 /* SettingContent.swift */ = {isa = PBXFileReference; lastKnownFileType = sourcecode.swift; path = SettingContent.swift; sourceTree = "<group>"; };
		FA6C7AA220F59B7200460D14 /* WeekWeatherDayViewModel.swift */ = {isa = PBXFileReference; lastKnownFileType = sourcecode.swift; path = WeekWeatherDayViewModel.swift; sourceTree = "<group>"; };
		FA6C7AA420F59C4900460D14 /* WeekWeatherDayRepresentable.swift */ = {isa = PBXFileReference; lastKnownFileType = sourcecode.swift; path = WeekWeatherDayRepresentable.swift; sourceTree = "<group>"; };
		FA6C7AA720F5B24400460D14 /* LocationsViewController.swift */ = {isa = PBXFileReference; lastKnownFileType = sourcecode.swift; path = LocationsViewController.swift; sourceTree = "<group>"; };
		FA6C7AAC20F5B39B00460D14 /* LocationTableViewCell.swift */ = {isa = PBXFileReference; lastKnownFileType = sourcecode.swift; path = LocationTableViewCell.swift; sourceTree = "<group>"; };
		FA6C7AAE20F5B40900460D14 /* LocationRepresentable.swift */ = {isa = PBXFileReference; lastKnownFileType = sourcecode.swift; path = LocationRepresentable.swift; sourceTree = "<group>"; };
		FA6C7AB020F5B46A00460D14 /* LocationsViewModel.swift */ = {isa = PBXFileReference; lastKnownFileType = sourcecode.swift; path = LocationsViewModel.swift; sourceTree = "<group>"; };
		FA6C7AB220F5B4B300460D14 /* Extension+CLLocation.swift */ = {isa = PBXFileReference; lastKnownFileType = sourcecode.swift; path = "Extension+CLLocation.swift"; sourceTree = "<group>"; };
		FA6C7AB420F5BC4C00460D14 /* AddLocationViewController.swift */ = {isa = PBXFileReference; lastKnownFileType = sourcecode.swift; path = AddLocationViewController.swift; sourceTree = "<group>"; };
		FAACCCEB20EDA547001026CB /* Configurations.swift */ = {isa = PBXFileReference; lastKnownFileType = sourcecode.swift; path = Configurations.swift; sourceTree = "<group>"; };
		FAACCCEE20EDA6E2001026CB /* Location.swift */ = {isa = PBXFileReference; lastKnownFileType = sourcecode.swift; path = Location.swift; sourceTree = "<group>"; };
		FAACCCF020EDB13B001026CB /* WeatherData.swift */ = {isa = PBXFileReference; lastKnownFileType = sourcecode.swift; path = WeatherData.swift; sourceTree = "<group>"; };
		FAACCCF320EDB4E9001026CB /* WeatherDataManager.swift */ = {isa = PBXFileReference; lastKnownFileType = sourcecode.swift; path = WeatherDataManager.swift; sourceTree = "<group>"; };
		FAACCCF520EDBC0B001026CB /* WeatherDataManagerTest.swift */ = {isa = PBXFileReference; lastKnownFileType = sourcecode.swift; path = WeatherDataManagerTest.swift; sourceTree = "<group>"; };
		FACC1E6120EF092A00D65EFC /* URLSesstionProtocol.swift */ = {isa = PBXFileReference; lastKnownFileType = sourcecode.swift; path = URLSesstionProtocol.swift; sourceTree = "<group>"; };
		FACC1E6320EF110800D65EFC /* URLSessionDataTaskProtocol.swift */ = {isa = PBXFileReference; lastKnownFileType = sourcecode.swift; path = URLSessionDataTaskProtocol.swift; sourceTree = "<group>"; };
		FACC1E6620EF118D00D65EFC /* Extension+URLSession.swift */ = {isa = PBXFileReference; lastKnownFileType = sourcecode.swift; path = "Extension+URLSession.swift"; sourceTree = "<group>"; };
		FACC1E6820EF11DB00D65EFC /* Extension+URLSessionDataTask.swift */ = {isa = PBXFileReference; lastKnownFileType = sourcecode.swift; path = "Extension+URLSessionDataTask.swift"; sourceTree = "<group>"; };
		FACC1E6A20EF15A000D65EFC /* MockURLSession.swift */ = {isa = PBXFileReference; lastKnownFileType = sourcecode.swift; path = MockURLSession.swift; sourceTree = "<group>"; };
		FACC1E6C20EF15AD00D65EFC /* MockURLSessionDataTask.swift */ = {isa = PBXFileReference; lastKnownFileType = sourcecode.swift; path = MockURLSessionDataTask.swift; sourceTree = "<group>"; };
		FACC1E6F20EF2D3800D65EFC /* WeartherViewController.swift */ = {isa = PBXFileReference; lastKnownFileType = sourcecode.swift; path = WeartherViewController.swift; sourceTree = "<group>"; };
		FACC1E7120EF2DED00D65EFC /* CurrentWeatherViewController.swift */ = {isa = PBXFileReference; lastKnownFileType = sourcecode.swift; path = CurrentWeatherViewController.swift; sourceTree = "<group>"; };
		FACC1E7320EF306F00D65EFC /* Extension+Double.swift */ = {isa = PBXFileReference; lastKnownFileType = sourcecode.swift; path = "Extension+Double.swift"; sourceTree = "<group>"; };
		FACC1E7620EF45B500D65EFC /* CurrentWeatherViewModel.swift */ = {isa = PBXFileReference; lastKnownFileType = sourcecode.swift; path = CurrentWeatherViewModel.swift; sourceTree = "<group>"; };
		FACC1E7820EF460E00D65EFC /* Extension+UIImage.swift */ = {isa = PBXFileReference; lastKnownFileType = sourcecode.swift; path = "Extension+UIImage.swift"; sourceTree = "<group>"; };
		FACC1E7A20EF573C00D65EFC /* CurrentWeatherUITests.swift */ = {isa = PBXFileReference; lastKnownFileType = sourcecode.swift; path = CurrentWeatherUITests.swift; sourceTree = "<group>"; };
		FADB680520F742E9009C927E /* Extension+UIButton.swift */ = {isa = PBXFileReference; lastKnownFileType = sourcecode.swift; path = "Extension+UIButton.swift"; sourceTree = "<group>"; };
		FAED4A2D20FDBEE8005C0CC7 /* AddLocationViewModel.swift */ = {isa = PBXFileReference; lastKnownFileType = sourcecode.swift; path = AddLocationViewModel.swift; sourceTree = "<group>"; };
/* End PBXFileReference section */

/* Begin PBXFrameworksBuildPhase section */
		FA3E60BB20EC655F00E76227 /* Frameworks */ = {
			isa = PBXFrameworksBuildPhase;
			buildActionMask = 2147483647;
			files = (
			);
			runOnlyForDeploymentPostprocessing = 0;
		};
		FA3E60CF20EC656100E76227 /* Frameworks */ = {
			isa = PBXFrameworksBuildPhase;
			buildActionMask = 2147483647;
			files = (
			);
			runOnlyForDeploymentPostprocessing = 0;
		};
		FA3E60DA20EC656100E76227 /* Frameworks */ = {
			isa = PBXFrameworksBuildPhase;
			buildActionMask = 2147483647;
			files = (
			);
			runOnlyForDeploymentPostprocessing = 0;
		};
/* End PBXFrameworksBuildPhase section */

/* Begin PBXGroup section */
		FA3E60B520EC655F00E76227 = {
			isa = PBXGroup;
			children = (
				FA3E610220EC67BD00E76227 /* Default-568h@2x.png */,
				FA3E60C020EC655F00E76227 /* MagiSky */,
				FA3E60D520EC656100E76227 /* MagiSkyTests */,
				FA3E60E020EC656100E76227 /* MagiSkyUITests */,
				FA3E60BF20EC655F00E76227 /* Products */,
			);
			sourceTree = "<group>";
		};
		FA3E60BF20EC655F00E76227 /* Products */ = {
			isa = PBXGroup;
			children = (
				FA3E60BE20EC655F00E76227 /* MagiSky.app */,
				FA3E60D220EC656100E76227 /* MagiSkyTests.xctest */,
				FA3E60DD20EC656100E76227 /* MagiSkyUITests.xctest */,
			);
			name = Products;
			sourceTree = "<group>";
		};
		FA3E60C020EC655F00E76227 /* MagiSky */ = {
			isa = PBXGroup;
			children = (
				FA3E60F520EC662500E76227 /* Delegates */,
				FACC1E6520EF112200D65EFC /* Extensions */,
				FACC1E6020EF090300D65EFC /* Protocols */,
				FAACCCF220EDB4C2001026CB /* Manager */,
				FAACCCED20EDA6CF001026CB /* Models */,
				FAACCCEA20EDA511001026CB /* Configurations */,
				FA3E60F120EC662500E76227 /* ViewControllers */,
				FA3E60F720EC662500E76227 /* Storyboards */,
				FA3E60F320EC662500E76227 /* Resources */,
				FA3E60EF20EC662500E76227 /* SupportingFiles */,
			);
			path = MagiSky;
			sourceTree = "<group>";
		};
		FA3E60D520EC656100E76227 /* MagiSkyTests */ = {
			isa = PBXGroup;
			children = (
				FA3E60D820EC656100E76227 /* Info.plist */,
				FAACCCF520EDBC0B001026CB /* WeatherDataManagerTest.swift */,
				FACC1E6A20EF15A000D65EFC /* MockURLSession.swift */,
				FACC1E6C20EF15AD00D65EFC /* MockURLSessionDataTask.swift */,
			);
			path = MagiSkyTests;
			sourceTree = "<group>";
		};
		FA3E60E020EC656100E76227 /* MagiSkyUITests */ = {
			isa = PBXGroup;
			children = (
				FACC1E7A20EF573C00D65EFC /* CurrentWeatherUITests.swift */,
				FA3E60E320EC656100E76227 /* Info.plist */,
			);
			path = MagiSkyUITests;
			sourceTree = "<group>";
		};
		FA3E60EF20EC662500E76227 /* SupportingFiles */ = {
			isa = PBXGroup;
			children = (
				FA3E60F020EC662500E76227 /* Info.plist */,
			);
			path = SupportingFiles;
			sourceTree = "<group>";
		};
		FA3E60F120EC662500E76227 /* ViewControllers */ = {
			isa = PBXGroup;
			children = (
				FACC1E7520EF33A100D65EFC /* RootViewController */,
				FACC1E6E20EF2D0F00D65EFC /* WeartherViewControllers */,
				FA6C7AA620F5B21E00460D14 /* LocationsViewController */,
				FA6C7A9320F4C36600460D14 /* SettingsViewController */,
			);
			path = ViewControllers;
			sourceTree = "<group>";
		};
		FA3E60F320EC662500E76227 /* Resources */ = {
			isa = PBXGroup;
			children = (
				FA3E60F420EC662500E76227 /* Assets.xcassets */,
			);
			path = Resources;
			sourceTree = "<group>";
		};
		FA3E60F520EC662500E76227 /* Delegates */ = {
			isa = PBXGroup;
			children = (
				FA3E60F620EC662500E76227 /* AppDelegate.swift */,
			);
			path = Delegates;
			sourceTree = "<group>";
		};
		FA3E60F720EC662500E76227 /* Storyboards */ = {
			isa = PBXGroup;
			children = (
				FA3E60F820EC662500E76227 /* LaunchScreen.storyboard */,
				FA3E60FA20EC662500E76227 /* Main.storyboard */,
			);
			path = Storyboards;
			sourceTree = "<group>";
		};
		FA6C7A8B20F47A1300460D14 /* TableViewCells */ = {
			isa = PBXGroup;
			children = (
				FA6C7A8920F4628500460D14 /* WeekWeatherTableViewCell.swift */,
			);
			path = TableViewCells;
			sourceTree = "<group>";
		};
		FA6C7A8C20F47A2200460D14 /* ViewModels */ = {
			isa = PBXGroup;
			children = (
				FACC1E7620EF45B500D65EFC /* CurrentWeatherViewModel.swift */,
				FA6C7A8D20F4874200460D14 /* WeekWeatherViewModel.swift */,
				FA6C7AA220F59B7200460D14 /* WeekWeatherDayViewModel.swift */,
			);
			path = ViewModels;
			sourceTree = "<group>";
		};
		FA6C7A9320F4C36600460D14 /* SettingsViewController */ = {
			isa = PBXGroup;
			children = (
				FA6C7A9420F4C37E00460D14 /* SettingsViewController.swift */,
				FA6C7A9E20F4CC8D00460D14 /* Protocols */,
				FA6C7A9920F4CAAC00460D14 /* ViewModels */,
				FA6C7A9620F4C3A800460D14 /* TableViewCells */,
			);
			path = SettingsViewController;
			sourceTree = "<group>";
		};
		FA6C7A9620F4C3A800460D14 /* TableViewCells */ = {
			isa = PBXGroup;
			children = (
				FA6C7A9720F4C3BE00460D14 /* SettingsTableViewCell.swift */,
			);
			path = TableViewCells;
			sourceTree = "<group>";
		};
		FA6C7A9920F4CAAC00460D14 /* ViewModels */ = {
			isa = PBXGroup;
			children = (
				FA6C7A9A20F4CAE600460D14 /* SettingsDateViewModel.swift */,
				FA6C7A9C20F4CB1900460D14 /* SettingsTemperatureViewModel.swift */,
			);
			path = ViewModels;
			sourceTree = "<group>";
		};
		FA6C7A9E20F4CC8D00460D14 /* Protocols */ = {
			isa = PBXGroup;
			children = (
				FA6C7A9F20F4CCAB00460D14 /* SettingContent.swift */,
			);
			path = Protocols;
			sourceTree = "<group>";
		};
		FA6C7AA120F59B4200460D14 /* Protocols */ = {
			isa = PBXGroup;
			children = (
				FA6C7AA420F59C4900460D14 /* WeekWeatherDayRepresentable.swift */,
			);
			path = Protocols;
			sourceTree = "<group>";
		};
		FA6C7AA620F5B21E00460D14 /* LocationsViewController */ = {
			isa = PBXGroup;
			children = (
				FA6C7AB420F5BC4C00460D14 /* AddLocationViewController.swift */,
				FA6C7AA720F5B24400460D14 /* LocationsViewController.swift */,
				FA6C7AA920F5B26300460D14 /* Protocols */,
				FA6C7AAA20F5B26E00460D14 /* ViewModels */,
				FA6C7AAB20F5B27E00460D14 /* TableViewCells */,
			);
			path = LocationsViewController;
			sourceTree = "<group>";
		};
		FA6C7AA920F5B26300460D14 /* Protocols */ = {
			isa = PBXGroup;
			children = (
				FA6C7AAE20F5B40900460D14 /* LocationRepresentable.swift */,
			);
			path = Protocols;
			sourceTree = "<group>";
		};
		FA6C7AAA20F5B26E00460D14 /* ViewModels */ = {
			isa = PBXGroup;
			children = (
				FA6C7AB020F5B46A00460D14 /* LocationsViewModel.swift */,
				FAED4A2D20FDBEE8005C0CC7 /* AddLocationViewModel.swift */,
			);
			path = ViewModels;
			sourceTree = "<group>";
		};
		FA6C7AAB20F5B27E00460D14 /* TableViewCells */ = {
			isa = PBXGroup;
			children = (
				FA6C7AAC20F5B39B00460D14 /* LocationTableViewCell.swift */,
			);
			path = TableViewCells;
			sourceTree = "<group>";
		};
		FAACCCEA20EDA511001026CB /* Configurations */ = {
			isa = PBXGroup;
			children = (
				FAACCCEB20EDA547001026CB /* Configurations.swift */,
			);
			path = Configurations;
			sourceTree = "<group>";
		};
		FAACCCED20EDA6CF001026CB /* Models */ = {
			isa = PBXGroup;
			children = (
				FAACCCEE20EDA6E2001026CB /* Location.swift */,
				FAACCCF020EDB13B001026CB /* WeatherData.swift */,
				FA6C7A8F20F4A83400460D14 /* ForecastData.swift */,
			);
			path = Models;
			sourceTree = "<group>";
		};
		FAACCCF220EDB4C2001026CB /* Manager */ = {
			isa = PBXGroup;
			children = (
				FAACCCF320EDB4E9001026CB /* WeatherDataManager.swift */,
			);
			path = Manager;
			sourceTree = "<group>";
		};
		FACC1E6020EF090300D65EFC /* Protocols */ = {
			isa = PBXGroup;
			children = (
				FACC1E6120EF092A00D65EFC /* URLSesstionProtocol.swift */,
				FACC1E6320EF110800D65EFC /* URLSessionDataTaskProtocol.swift */,
			);
			path = Protocols;
			sourceTree = "<group>";
		};
		FACC1E6520EF112200D65EFC /* Extensions */ = {
			isa = PBXGroup;
			children = (
				FACC1E6620EF118D00D65EFC /* Extension+URLSession.swift */,
				FACC1E6820EF11DB00D65EFC /* Extension+URLSessionDataTask.swift */,
				FACC1E7320EF306F00D65EFC /* Extension+Double.swift */,
				FACC1E7820EF460E00D65EFC /* Extension+UIImage.swift */,
				FA6C7A9120F4C10400460D14 /* Extension+UserDefaults.swift */,
				FA6C7AB220F5B4B300460D14 /* Extension+CLLocation.swift */,
				FADB680520F742E9009C927E /* Extension+UIButton.swift */,
			);
			path = Extensions;
			sourceTree = "<group>";
		};
		FACC1E6E20EF2D0F00D65EFC /* WeartherViewControllers */ = {
			isa = PBXGroup;
			children = (
				FACC1E6F20EF2D3800D65EFC /* WeartherViewController.swift */,
				FACC1E7120EF2DED00D65EFC /* CurrentWeatherViewController.swift */,
				FA6C7A8720F461FA00460D14 /* WeekWeatherViewController.swift */,
				FA6C7AA120F59B4200460D14 /* Protocols */,
				FA6C7A8C20F47A2200460D14 /* ViewModels */,
				FA6C7A8B20F47A1300460D14 /* TableViewCells */,
			);
			path = WeartherViewControllers;
			sourceTree = "<group>";
		};
		FACC1E7520EF33A100D65EFC /* RootViewController */ = {
			isa = PBXGroup;
			children = (
				FA3E60F220EC662500E76227 /* RootViewController.swift */,
			);
			path = RootViewController;
			sourceTree = "<group>";
		};
/* End PBXGroup section */

/* Begin PBXNativeTarget section */
		FA3E60BD20EC655F00E76227 /* MagiSky */ = {
			isa = PBXNativeTarget;
			buildConfigurationList = FA3E60E620EC656100E76227 /* Build configuration list for PBXNativeTarget "MagiSky" */;
			buildPhases = (
				FA3E60BA20EC655F00E76227 /* Sources */,
				FA3E60BB20EC655F00E76227 /* Frameworks */,
				FA3E60BC20EC655F00E76227 /* Resources */,
			);
			buildRules = (
			);
			dependencies = (
			);
			name = MagiSky;
			productName = MagiSky;
			productReference = FA3E60BE20EC655F00E76227 /* MagiSky.app */;
			productType = "com.apple.product-type.application";
		};
		FA3E60D120EC656100E76227 /* MagiSkyTests */ = {
			isa = PBXNativeTarget;
			buildConfigurationList = FA3E60E920EC656100E76227 /* Build configuration list for PBXNativeTarget "MagiSkyTests" */;
			buildPhases = (
				FA3E60CE20EC656100E76227 /* Sources */,
				FA3E60CF20EC656100E76227 /* Frameworks */,
				FA3E60D020EC656100E76227 /* Resources */,
			);
			buildRules = (
			);
			dependencies = (
				FA3E60D420EC656100E76227 /* PBXTargetDependency */,
			);
			name = MagiSkyTests;
			productName = MagiSkyTests;
			productReference = FA3E60D220EC656100E76227 /* MagiSkyTests.xctest */;
			productType = "com.apple.product-type.bundle.unit-test";
		};
		FA3E60DC20EC656100E76227 /* MagiSkyUITests */ = {
			isa = PBXNativeTarget;
			buildConfigurationList = FA3E60EC20EC656100E76227 /* Build configuration list for PBXNativeTarget "MagiSkyUITests" */;
			buildPhases = (
				FA3E60D920EC656100E76227 /* Sources */,
				FA3E60DA20EC656100E76227 /* Frameworks */,
				FA3E60DB20EC656100E76227 /* Resources */,
			);
			buildRules = (
			);
			dependencies = (
				FA3E60DF20EC656100E76227 /* PBXTargetDependency */,
			);
			name = MagiSkyUITests;
			productName = MagiSkyUITests;
			productReference = FA3E60DD20EC656100E76227 /* MagiSkyUITests.xctest */;
			productType = "com.apple.product-type.bundle.ui-testing";
		};
/* End PBXNativeTarget section */

/* Begin PBXProject section */
		FA3E60B620EC655F00E76227 /* Project object */ = {
			isa = PBXProject;
			attributes = {
				LastSwiftUpdateCheck = 0940;
				LastUpgradeCheck = 0940;
				ORGANIZATIONNAME = anran;
				TargetAttributes = {
					FA3E60BD20EC655F00E76227 = {
						CreatedOnToolsVersion = 9.4.1;
					};
					FA3E60D120EC656100E76227 = {
						CreatedOnToolsVersion = 9.4.1;
						LastSwiftMigration = 0940;
						TestTargetID = FA3E60BD20EC655F00E76227;
					};
					FA3E60DC20EC656100E76227 = {
						CreatedOnToolsVersion = 9.4.1;
						TestTargetID = FA3E60BD20EC655F00E76227;
					};
				};
			};
			buildConfigurationList = FA3E60B920EC655F00E76227 /* Build configuration list for PBXProject "MagiSky" */;
			compatibilityVersion = "Xcode 9.3";
			developmentRegion = en;
			hasScannedForEncodings = 0;
			knownRegions = (
				en,
				Base,
			);
			mainGroup = FA3E60B520EC655F00E76227;
			productRefGroup = FA3E60BF20EC655F00E76227 /* Products */;
			projectDirPath = "";
			projectRoot = "";
			targets = (
				FA3E60BD20EC655F00E76227 /* MagiSky */,
				FA3E60D120EC656100E76227 /* MagiSkyTests */,
				FA3E60DC20EC656100E76227 /* MagiSkyUITests */,
			);
		};
/* End PBXProject section */

/* Begin PBXResourcesBuildPhase section */
		FA3E60BC20EC655F00E76227 /* Resources */ = {
			isa = PBXResourcesBuildPhase;
			buildActionMask = 2147483647;
			files = (
				FA3E610120EC662500E76227 /* Main.storyboard in Resources */,
				FA3E610020EC662500E76227 /* LaunchScreen.storyboard in Resources */,
				FA3E610320EC67BD00E76227 /* Default-568h@2x.png in Resources */,
				FA3E60FE20EC662500E76227 /* Assets.xcassets in Resources */,
			);
			runOnlyForDeploymentPostprocessing = 0;
		};
		FA3E60D020EC656100E76227 /* Resources */ = {
			isa = PBXResourcesBuildPhase;
			buildActionMask = 2147483647;
			files = (
			);
			runOnlyForDeploymentPostprocessing = 0;
		};
		FA3E60DB20EC656100E76227 /* Resources */ = {
			isa = PBXResourcesBuildPhase;
			buildActionMask = 2147483647;
			files = (
			);
			runOnlyForDeploymentPostprocessing = 0;
		};
/* End PBXResourcesBuildPhase section */

/* Begin PBXSourcesBuildPhase section */
		FA3E60BA20EC655F00E76227 /* Sources */ = {
			isa = PBXSourcesBuildPhase;
			buildActionMask = 2147483647;
			files = (
				FAACCCF420EDB4E9001026CB /* WeatherDataManager.swift in Sources */,
				FACC1E7020EF2D3800D65EFC /* WeartherViewController.swift in Sources */,
				FA6C7AAD20F5B39B00460D14 /* LocationTableViewCell.swift in Sources */,
				FA6C7A9520F4C37E00460D14 /* SettingsViewController.swift in Sources */,
				FACC1E7220EF2DED00D65EFC /* CurrentWeatherViewController.swift in Sources */,
				FA3E60FF20EC662500E76227 /* AppDelegate.swift in Sources */,
				FACC1E7420EF306F00D65EFC /* Extension+Double.swift in Sources */,
				FA6C7A9820F4C3BE00460D14 /* SettingsTableViewCell.swift in Sources */,
				FA6C7AA820F5B24400460D14 /* LocationsViewController.swift in Sources */,
				FA6C7A8E20F4874200460D14 /* WeekWeatherViewModel.swift in Sources */,
				FA6C7AB320F5B4B300460D14 /* Extension+CLLocation.swift in Sources */,
				FA6C7A8820F461FA00460D14 /* WeekWeatherViewController.swift in Sources */,
				FA6C7A8A20F4628500460D14 /* WeekWeatherTableViewCell.swift in Sources */,
				FA6C7A9B20F4CAE600460D14 /* SettingsDateViewModel.swift in Sources */,
				FA6C7AAF20F5B40900460D14 /* LocationRepresentable.swift in Sources */,
				FADB680620F742E9009C927E /* Extension+UIButton.swift in Sources */,
				FACC1E6420EF110800D65EFC /* URLSessionDataTaskProtocol.swift in Sources */,
				FA6C7AB520F5BC4C00460D14 /* AddLocationViewController.swift in Sources */,
				FA6C7AA320F59B7200460D14 /* WeekWeatherDayViewModel.swift in Sources */,
				FACC1E7920EF460E00D65EFC /* Extension+UIImage.swift in Sources */,
				FACC1E7720EF45B500D65EFC /* CurrentWeatherViewModel.swift in Sources */,
				FACC1E6220EF092A00D65EFC /* URLSesstionProtocol.swift in Sources */,
				FA6C7AB120F5B46A00460D14 /* LocationsViewModel.swift in Sources */,
				FAACCCF120EDB13B001026CB /* WeatherData.swift in Sources */,
				FA6C7A9D20F4CB1900460D14 /* SettingsTemperatureViewModel.swift in Sources */,
				FA6C7AA520F59C4900460D14 /* WeekWeatherDayRepresentable.swift in Sources */,
				FA6C7A9020F4A83400460D14 /* ForecastData.swift in Sources */,
				FA3E60FD20EC662500E76227 /* RootViewController.swift in Sources */,
				FA6C7AA020F4CCAB00460D14 /* SettingContent.swift in Sources */,
				FA6C7A9220F4C10400460D14 /* Extension+UserDefaults.swift in Sources */,
				FACC1E6720EF118D00D65EFC /* Extension+URLSession.swift in Sources */,
				FACC1E6920EF11DB00D65EFC /* Extension+URLSessionDataTask.swift in Sources */,
				FAACCCEF20EDA6E2001026CB /* Location.swift in Sources */,
				FAED4A2E20FDBEE8005C0CC7 /* AddLocationViewModel.swift in Sources */,
				FAACCCEC20EDA547001026CB /* Configurations.swift in Sources */,
			);
			runOnlyForDeploymentPostprocessing = 0;
		};
		FA3E60CE20EC656100E76227 /* Sources */ = {
			isa = PBXSourcesBuildPhase;
			buildActionMask = 2147483647;
			files = (
				FACC1E6D20EF15AD00D65EFC /* MockURLSessionDataTask.swift in Sources */,
				FACC1E6B20EF15A000D65EFC /* MockURLSession.swift in Sources */,
				FAACCCF620EDBC0B001026CB /* WeatherDataManagerTest.swift in Sources */,
			);
			runOnlyForDeploymentPostprocessing = 0;
		};
		FA3E60D920EC656100E76227 /* Sources */ = {
			isa = PBXSourcesBuildPhase;
			buildActionMask = 2147483647;
			files = (
				FACC1E7B20EF573C00D65EFC /* CurrentWeatherUITests.swift in Sources */,
			);
			runOnlyForDeploymentPostprocessing = 0;
		};
/* End PBXSourcesBuildPhase section */

/* Begin PBXTargetDependency section */
		FA3E60D420EC656100E76227 /* PBXTargetDependency */ = {
			isa = PBXTargetDependency;
			target = FA3E60BD20EC655F00E76227 /* MagiSky */;
			targetProxy = FA3E60D320EC656100E76227 /* PBXContainerItemProxy */;
		};
		FA3E60DF20EC656100E76227 /* PBXTargetDependency */ = {
			isa = PBXTargetDependency;
			target = FA3E60BD20EC655F00E76227 /* MagiSky */;
			targetProxy = FA3E60DE20EC656100E76227 /* PBXContainerItemProxy */;
		};
/* End PBXTargetDependency section */

/* Begin PBXVariantGroup section */
		FA3E60F820EC662500E76227 /* LaunchScreen.storyboard */ = {
			isa = PBXVariantGroup;
			children = (
				FA3E60F920EC662500E76227 /* Base */,
			);
			name = LaunchScreen.storyboard;
			sourceTree = "<group>";
		};
		FA3E60FA20EC662500E76227 /* Main.storyboard */ = {
			isa = PBXVariantGroup;
			children = (
				FA3E60FB20EC662500E76227 /* Base */,
			);
			name = Main.storyboard;
			sourceTree = "<group>";
		};
/* End PBXVariantGroup section */

/* Begin XCBuildConfiguration section */
		FA3E60E420EC656100E76227 /* Debug */ = {
			isa = XCBuildConfiguration;
			buildSettings = {
				ALWAYS_SEARCH_USER_PATHS = NO;
				CLANG_ANALYZER_NONNULL = YES;
				CLANG_ANALYZER_NUMBER_OBJECT_CONVERSION = YES_AGGRESSIVE;
				CLANG_CXX_LANGUAGE_STANDARD = "gnu++14";
				CLANG_CXX_LIBRARY = "libc++";
				CLANG_ENABLE_MODULES = YES;
				CLANG_ENABLE_OBJC_ARC = YES;
				CLANG_ENABLE_OBJC_WEAK = YES;
				CLANG_WARN_BLOCK_CAPTURE_AUTORELEASING = YES;
				CLANG_WARN_BOOL_CONVERSION = YES;
				CLANG_WARN_COMMA = YES;
				CLANG_WARN_CONSTANT_CONVERSION = YES;
				CLANG_WARN_DEPRECATED_OBJC_IMPLEMENTATIONS = YES;
				CLANG_WARN_DIRECT_OBJC_ISA_USAGE = YES_ERROR;
				CLANG_WARN_DOCUMENTATION_COMMENTS = YES;
				CLANG_WARN_EMPTY_BODY = YES;
				CLANG_WARN_ENUM_CONVERSION = YES;
				CLANG_WARN_INFINITE_RECURSION = YES;
				CLANG_WARN_INT_CONVERSION = YES;
				CLANG_WARN_NON_LITERAL_NULL_CONVERSION = YES;
				CLANG_WARN_OBJC_IMPLICIT_RETAIN_SELF = YES;
				CLANG_WARN_OBJC_LITERAL_CONVERSION = YES;
				CLANG_WARN_OBJC_ROOT_CLASS = YES_ERROR;
				CLANG_WARN_RANGE_LOOP_ANALYSIS = YES;
				CLANG_WARN_STRICT_PROTOTYPES = YES;
				CLANG_WARN_SUSPICIOUS_MOVE = YES;
				CLANG_WARN_UNGUARDED_AVAILABILITY = YES_AGGRESSIVE;
				CLANG_WARN_UNREACHABLE_CODE = YES;
				CLANG_WARN__DUPLICATE_METHOD_MATCH = YES;
				CODE_SIGN_IDENTITY = "iPhone Developer";
				COPY_PHASE_STRIP = NO;
				DEBUG_INFORMATION_FORMAT = dwarf;
				ENABLE_STRICT_OBJC_MSGSEND = YES;
				ENABLE_TESTABILITY = YES;
				GCC_C_LANGUAGE_STANDARD = gnu11;
				GCC_DYNAMIC_NO_PIC = NO;
				GCC_NO_COMMON_BLOCKS = YES;
				GCC_OPTIMIZATION_LEVEL = 0;
				GCC_PREPROCESSOR_DEFINITIONS = (
					"DEBUG=1",
					"$(inherited)",
				);
				GCC_WARN_64_TO_32_BIT_CONVERSION = YES;
				GCC_WARN_ABOUT_RETURN_TYPE = YES_ERROR;
				GCC_WARN_UNDECLARED_SELECTOR = YES;
				GCC_WARN_UNINITIALIZED_AUTOS = YES_AGGRESSIVE;
				GCC_WARN_UNUSED_FUNCTION = YES;
				GCC_WARN_UNUSED_VARIABLE = YES;
				IPHONEOS_DEPLOYMENT_TARGET = 11.4;
				MTL_ENABLE_DEBUG_INFO = YES;
				ONLY_ACTIVE_ARCH = YES;
				SDKROOT = iphoneos;
				SWIFT_ACTIVE_COMPILATION_CONDITIONS = DEBUG;
				SWIFT_OPTIMIZATION_LEVEL = "-Onone";
			};
			name = Debug;
		};
		FA3E60E520EC656100E76227 /* Release */ = {
			isa = XCBuildConfiguration;
			buildSettings = {
				ALWAYS_SEARCH_USER_PATHS = NO;
				CLANG_ANALYZER_NONNULL = YES;
				CLANG_ANALYZER_NUMBER_OBJECT_CONVERSION = YES_AGGRESSIVE;
				CLANG_CXX_LANGUAGE_STANDARD = "gnu++14";
				CLANG_CXX_LIBRARY = "libc++";
				CLANG_ENABLE_MODULES = YES;
				CLANG_ENABLE_OBJC_ARC = YES;
				CLANG_ENABLE_OBJC_WEAK = YES;
				CLANG_WARN_BLOCK_CAPTURE_AUTORELEASING = YES;
				CLANG_WARN_BOOL_CONVERSION = YES;
				CLANG_WARN_COMMA = YES;
				CLANG_WARN_CONSTANT_CONVERSION = YES;
				CLANG_WARN_DEPRECATED_OBJC_IMPLEMENTATIONS = YES;
				CLANG_WARN_DIRECT_OBJC_ISA_USAGE = YES_ERROR;
				CLANG_WARN_DOCUMENTATION_COMMENTS = YES;
				CLANG_WARN_EMPTY_BODY = YES;
				CLANG_WARN_ENUM_CONVERSION = YES;
				CLANG_WARN_INFINITE_RECURSION = YES;
				CLANG_WARN_INT_CONVERSION = YES;
				CLANG_WARN_NON_LITERAL_NULL_CONVERSION = YES;
				CLANG_WARN_OBJC_IMPLICIT_RETAIN_SELF = YES;
				CLANG_WARN_OBJC_LITERAL_CONVERSION = YES;
				CLANG_WARN_OBJC_ROOT_CLASS = YES_ERROR;
				CLANG_WARN_RANGE_LOOP_ANALYSIS = YES;
				CLANG_WARN_STRICT_PROTOTYPES = YES;
				CLANG_WARN_SUSPICIOUS_MOVE = YES;
				CLANG_WARN_UNGUARDED_AVAILABILITY = YES_AGGRESSIVE;
				CLANG_WARN_UNREACHABLE_CODE = YES;
				CLANG_WARN__DUPLICATE_METHOD_MATCH = YES;
				CODE_SIGN_IDENTITY = "iPhone Developer";
				COPY_PHASE_STRIP = NO;
				DEBUG_INFORMATION_FORMAT = "dwarf-with-dsym";
				ENABLE_NS_ASSERTIONS = NO;
				ENABLE_STRICT_OBJC_MSGSEND = YES;
				GCC_C_LANGUAGE_STANDARD = gnu11;
				GCC_NO_COMMON_BLOCKS = YES;
				GCC_WARN_64_TO_32_BIT_CONVERSION = YES;
				GCC_WARN_ABOUT_RETURN_TYPE = YES_ERROR;
				GCC_WARN_UNDECLARED_SELECTOR = YES;
				GCC_WARN_UNINITIALIZED_AUTOS = YES_AGGRESSIVE;
				GCC_WARN_UNUSED_FUNCTION = YES;
				GCC_WARN_UNUSED_VARIABLE = YES;
				IPHONEOS_DEPLOYMENT_TARGET = 11.4;
				MTL_ENABLE_DEBUG_INFO = NO;
				SDKROOT = iphoneos;
				SWIFT_COMPILATION_MODE = wholemodule;
				SWIFT_OPTIMIZATION_LEVEL = "-O";
				VALIDATE_PRODUCT = YES;
			};
			name = Release;
		};
		FA3E60E720EC656100E76227 /* Debug */ = {
			isa = XCBuildConfiguration;
			buildSettings = {
				ASSETCATALOG_COMPILER_APPICON_NAME = AppIcon;
				CODE_SIGN_STYLE = Automatic;
				DEVELOPMENT_TEAM = TDBLA72SEX;
				INFOPLIST_FILE = MagiSky/SupportingFiles/Info.plist;
				LD_RUNPATH_SEARCH_PATHS = (
					"$(inherited)",
					"@executable_path/Frameworks",
				);
				PRODUCT_BUNDLE_IDENTIFIER = cn.anran.MagiSky;
				PRODUCT_NAME = "$(TARGET_NAME)";
				SWIFT_VERSION = 4.0;
				TARGETED_DEVICE_FAMILY = "1,2";
			};
			name = Debug;
		};
		FA3E60E820EC656100E76227 /* Release */ = {
			isa = XCBuildConfiguration;
			buildSettings = {
				ASSETCATALOG_COMPILER_APPICON_NAME = AppIcon;
				CODE_SIGN_STYLE = Automatic;
				DEVELOPMENT_TEAM = TDBLA72SEX;
				INFOPLIST_FILE = MagiSky/SupportingFiles/Info.plist;
				LD_RUNPATH_SEARCH_PATHS = (
					"$(inherited)",
					"@executable_path/Frameworks",
				);
				PRODUCT_BUNDLE_IDENTIFIER = cn.anran.MagiSky;
				PRODUCT_NAME = "$(TARGET_NAME)";
				SWIFT_VERSION = 4.0;
				TARGETED_DEVICE_FAMILY = "1,2";
			};
			name = Release;
		};
		FA3E60EA20EC656100E76227 /* Debug */ = {
			isa = XCBuildConfiguration;
			buildSettings = {
				ALWAYS_EMBED_SWIFT_STANDARD_LIBRARIES = YES;
				BUNDLE_LOADER = "$(TEST_HOST)";
				CLANG_ENABLE_MODULES = YES;
				CODE_SIGN_STYLE = Automatic;
				DEVELOPMENT_TEAM = TDBLA72SEX;
				INFOPLIST_FILE = MagiSkyTests/Info.plist;
				LD_RUNPATH_SEARCH_PATHS = (
					"$(inherited)",
					"@executable_path/Frameworks",
					"@loader_path/Frameworks",
				);
				PRODUCT_BUNDLE_IDENTIFIER = cn.anran.MagiSkyTests;
				PRODUCT_NAME = "$(TARGET_NAME)";
				SWIFT_OPTIMIZATION_LEVEL = "-Onone";
				SWIFT_VERSION = 4.0;
				TARGETED_DEVICE_FAMILY = "1,2";
				TEST_HOST = "$(BUILT_PRODUCTS_DIR)/MagiSky.app/MagiSky";
			};
			name = Debug;
		};
		FA3E60EB20EC656100E76227 /* Release */ = {
			isa = XCBuildConfiguration;
			buildSettings = {
				ALWAYS_EMBED_SWIFT_STANDARD_LIBRARIES = YES;
				BUNDLE_LOADER = "$(TEST_HOST)";
				CLANG_ENABLE_MODULES = YES;
				CODE_SIGN_STYLE = Automatic;
				DEVELOPMENT_TEAM = TDBLA72SEX;
				INFOPLIST_FILE = MagiSkyTests/Info.plist;
				LD_RUNPATH_SEARCH_PATHS = (
					"$(inherited)",
					"@executable_path/Frameworks",
					"@loader_path/Frameworks",
				);
				PRODUCT_BUNDLE_IDENTIFIER = cn.anran.MagiSkyTests;
				PRODUCT_NAME = "$(TARGET_NAME)";
				SWIFT_VERSION = 4.0;
				TARGETED_DEVICE_FAMILY = "1,2";
				TEST_HOST = "$(BUILT_PRODUCTS_DIR)/MagiSky.app/MagiSky";
			};
			name = Release;
		};
		FA3E60ED20EC656100E76227 /* Debug */ = {
			isa = XCBuildConfiguration;
			buildSettings = {
				ALWAYS_EMBED_SWIFT_STANDARD_LIBRARIES = YES;
				CODE_SIGN_STYLE = Automatic;
				DEVELOPMENT_TEAM = TDBLA72SEX;
				INFOPLIST_FILE = MagiSkyUITests/Info.plist;
				LD_RUNPATH_SEARCH_PATHS = (
					"$(inherited)",
					"@executable_path/Frameworks",
					"@loader_path/Frameworks",
				);
				PRODUCT_BUNDLE_IDENTIFIER = cn.anran.MagiSkyUITests;
				PRODUCT_NAME = "$(TARGET_NAME)";
				SWIFT_VERSION = 4.0;
				TARGETED_DEVICE_FAMILY = "1,2";
				TEST_TARGET_NAME = MagiSky;
			};
			name = Debug;
		};
		FA3E60EE20EC656100E76227 /* Release */ = {
			isa = XCBuildConfiguration;
			buildSettings = {
				ALWAYS_EMBED_SWIFT_STANDARD_LIBRARIES = YES;
				CODE_SIGN_STYLE = Automatic;
				DEVELOPMENT_TEAM = TDBLA72SEX;
				INFOPLIST_FILE = MagiSkyUITests/Info.plist;
				LD_RUNPATH_SEARCH_PATHS = (
					"$(inherited)",
					"@executable_path/Frameworks",
					"@loader_path/Frameworks",
				);
				PRODUCT_BUNDLE_IDENTIFIER = cn.anran.MagiSkyUITests;
				PRODUCT_NAME = "$(TARGET_NAME)";
				SWIFT_VERSION = 4.0;
				TARGETED_DEVICE_FAMILY = "1,2";
				TEST_TARGET_NAME = MagiSky;
			};
			name = Release;
		};
/* End XCBuildConfiguration section */

/* Begin XCConfigurationList section */
		FA3E60B920EC655F00E76227 /* Build configuration list for PBXProject "MagiSky" */ = {
			isa = XCConfigurationList;
			buildConfigurations = (
				FA3E60E420EC656100E76227 /* Debug */,
				FA3E60E520EC656100E76227 /* Release */,
			);
			defaultConfigurationIsVisible = 0;
			defaultConfigurationName = Release;
		};
		FA3E60E620EC656100E76227 /* Build configuration list for PBXNativeTarget "MagiSky" */ = {
			isa = XCConfigurationList;
			buildConfigurations = (
				FA3E60E720EC656100E76227 /* Debug */,
				FA3E60E820EC656100E76227 /* Release */,
			);
			defaultConfigurationIsVisible = 0;
			defaultConfigurationName = Release;
		};
		FA3E60E920EC656100E76227 /* Build configuration list for PBXNativeTarget "MagiSkyTests" */ = {
			isa = XCConfigurationList;
			buildConfigurations = (
				FA3E60EA20EC656100E76227 /* Debug */,
				FA3E60EB20EC656100E76227 /* Release */,
			);
			defaultConfigurationIsVisible = 0;
			defaultConfigurationName = Release;
		};
		FA3E60EC20EC656100E76227 /* Build configuration list for PBXNativeTarget "MagiSkyUITests" */ = {
			isa = XCConfigurationList;
			buildConfigurations = (
				FA3E60ED20EC656100E76227 /* Debug */,
				FA3E60EE20EC656100E76227 /* Release */,
			);
			defaultConfigurationIsVisible = 0;
			defaultConfigurationName = Release;
		};
/* End XCConfigurationList section */
	};
	rootObject = FA3E60B620EC655F00E76227 /* Project object */;
}
